
Microsoft Visual Studio Solution File, Format Version 12.00
# Visual Studio Version 17
VisualStudioVersion = 17.2.32526.322
MinimumVisualStudioVersion = 10.0.40219.1
Project("{9BDEFB9F-A32C-479E-A3BA-028FAEDB8CB7}") = "fmp-xtc-search-lib-mvcs", "fmp-xtc-search-lib-mvcs\fmp-xtc-search-lib-mvcs.csproj", "{96F5D81C-5BF3-4628-9748-84CE12E3D2EA}"
EndProject
Project("{9BDEFB9F-A32C-479E-A3BA-028FAEDB8CB7}") = "fmp-xtc-search-lib-mvcs_Test", "fmp-xtc-search-lib-mvcs_Test\fmp-xtc-search-lib-mvcs_Test.csproj", "{7A226845-E194-4090-B115-85D51F7E1667}"
EndProject
Project("{9BDEFB9F-A32C-479E-A3BA-028FAEDB8CB7}") = "fmp-xtc-search-lib-proto", "fmp-xtc-search-lib-proto\fmp-xtc-search-lib-proto.csproj", "{B4EA5EF3-6F5F-43EA-BE31-070B8E0B7AC0}"
EndProject
Project("{9BDEFB9F-A32C-479E-A3BA-028FAEDB8CB7}") = "fmp-xtc-search-lib-bridge", "fmp-xtc-search-lib-bridge\fmp-xtc-search-lib-bridge.csproj", "{A6AAA5B4-AF58-47CB-A463-4CFA552368F2}"
EndProject
Project("{9BDEFB9F-A32C-479E-A3BA-028FAEDB8CB7}") = "fmp-xtc-search-lib-razor", "fmp-xtc-search-lib-razor\fmp-xtc-search-lib-razor.csproj", "{B33F2D4D-2EAE-412D-8F5D-D15AFA8A4CB3}"
EndProject
Project("{9BDEFB9F-A32C-479E-A3BA-028FAEDB8CB7}") = "fmp-xtc-search-service-grpc", "fmp-xtc-search-service-grpc\fmp-xtc-search-service-grpc.csproj", "{6F79AB24-9C70-4598-8446-93FA50E823BC}"
EndProject
Project("{9BDEFB9F-A32C-479E-A3BA-028FAEDB8CB7}") = "fmp-xtc-search-service-grpc_Test", "fmp-xtc-search-service-grpc_Test\fmp-xtc-search-service-grpc_Test.csproj", "{6B431C59-8929-4F2E-8BDE-04DAADCD58D9}"
EndProject
Project("{9BDEFB9F-A32C-479E-A3BA-028FAEDB8CB7}") = "fmp-xtc-search-web-blazor", "fmp-xtc-search-web-blazor\fmp-xtc-search-web-blazor.csproj", "{CA3E33FE-336E-4836-87E9-347FF8252124}"
EndProject
Global
	GlobalSection(SolutionConfigurationPlatforms) = preSolution
		Debug|Any CPU = Debug|Any CPU
		Release|Any CPU = Release|Any CPU
	EndGlobalSection
	GlobalSection(ProjectConfigurationPlatforms) = postSolution
                {96F5D81C-5BF3-4628-9748-84CE12E3D2EA}.Debug|Any CPU.ActiveCfg = Debug|Any CPU
		{96F5D81C-5BF3-4628-9748-84CE12E3D2EA}.Debug|Any CPU.Build.0 = Debug|Any CPU
		{96F5D81C-5BF3-4628-9748-84CE12E3D2EA}.Release|Any CPU.ActiveCfg = Release|Any CPU
		{96F5D81C-5BF3-4628-9748-84CE12E3D2EA}.Release|Any CPU.Build.0 = Release|Any CPU
		{7A226845-E194-4090-B115-85D51F7E1667}.Debug|Any CPU.ActiveCfg = Debug|Any CPU
		{7A226845-E194-4090-B115-85D51F7E1667}.Debug|Any CPU.Build.0 = Debug|Any CPU
		{7A226845-E194-4090-B115-85D51F7E1667}.Release|Any CPU.ActiveCfg = Release|Any CPU
		{7A226845-E194-4090-B115-85D51F7E1667}.Release|Any CPU.Build.0 = Release|Any CPU
		{B4EA5EF3-6F5F-43EA-BE31-070B8E0B7AC0}.Debug|Any CPU.ActiveCfg = Debug|Any CPU
		{B4EA5EF3-6F5F-43EA-BE31-070B8E0B7AC0}.Debug|Any CPU.Build.0 = Debug|Any CPU
		{B4EA5EF3-6F5F-43EA-BE31-070B8E0B7AC0}.Release|Any CPU.ActiveCfg = Release|Any CPU
		{B4EA5EF3-6F5F-43EA-BE31-070B8E0B7AC0}.Release|Any CPU.Build.0 = Release|Any CPU
		{6F79AB24-9C70-4598-8446-93FA50E823BC}.Debug|Any CPU.ActiveCfg = Debug|Any CPU
		{6F79AB24-9C70-4598-8446-93FA50E823BC}.Debug|Any CPU.Build.0 = Debug|Any CPU
		{6F79AB24-9C70-4598-8446-93FA50E823BC}.Release|Any CPU.ActiveCfg = Release|Any CPU
		{6F79AB24-9C70-4598-8446-93FA50E823BC}.Release|Any CPU.Build.0 = Release|Any CPU
		{A6AAA5B4-AF58-47CB-A463-4CFA552368F2}.Debug|Any CPU.ActiveCfg = Debug|Any CPU
		{A6AAA5B4-AF58-47CB-A463-4CFA552368F2}.Debug|Any CPU.Build.0 = Debug|Any CPU
		{A6AAA5B4-AF58-47CB-A463-4CFA552368F2}.Release|Any CPU.ActiveCfg = Release|Any CPU
		{A6AAA5B4-AF58-47CB-A463-4CFA552368F2}.Release|Any CPU.Build.0 = Release|Any CPU
		{CA3E33FE-336E-4836-87E9-347FF8252124}.Debug|Any CPU.ActiveCfg = Debug|Any CPU
		{CA3E33FE-336E-4836-87E9-347FF8252124}.Debug|Any CPU.Build.0 = Debug|Any CPU
		{CA3E33FE-336E-4836-87E9-347FF8252124}.Release|Any CPU.ActiveCfg = Release|Any CPU
		{CA3E33FE-336E-4836-87E9-347FF8252124}.Release|Any CPU.Build.0 = Release|Any CPU
		{B33F2D4D-2EAE-412D-8F5D-D15AFA8A4CB3}.Debug|Any CPU.ActiveCfg = Debug|Any CPU
		{B33F2D4D-2EAE-412D-8F5D-D15AFA8A4CB3}.Debug|Any CPU.Build.0 = Debug|Any CPU
		{B33F2D4D-2EAE-412D-8F5D-D15AFA8A4CB3}.Release|Any CPU.ActiveCfg = Release|Any CPU
		{B33F2D4D-2EAE-412D-8F5D-D15AFA8A4CB3}.Release|Any CPU.Build.0 = Release|Any CPU
		{6B431C59-8929-4F2E-8BDE-04DAADCD58D9}.Debug|Any CPU.ActiveCfg = Debug|Any CPU
		{6B431C59-8929-4F2E-8BDE-04DAADCD58D9}.Debug|Any CPU.Build.0 = Debug|Any CPU
		{6B431C59-8929-4F2E-8BDE-04DAADCD58D9}.Release|Any CPU.ActiveCfg = Release|Any CPU
		{6B431C59-8929-4F2E-8BDE-04DAADCD58D9}.Release|Any CPU.Build.0 = Release|Any CPU
	EndGlobalSection
	GlobalSection(SolutionProperties) = preSolution
		HideSolutionNode = FALSE
	EndGlobalSection
	GlobalSection(ExtensibilityGlobals) = postSolution
		SolutionGuid = {9BDEFB9F-A32C-479E-A3BA-028FAEDB8CB7}
	EndGlobalSection
EndGlobal
